
Microsoft Visual Studio Solution File, Format Version 12.00
Project("{2150E333-8FDC-42A3-9474-1A3956D46DE8}") = "src", "src", "{73E7B50A-DB7E-4230-BEE5-1F0E79AF20D7}"
EndProject
Project("{2150E333-8FDC-42A3-9474-1A3956D46DE8}") = "PecaBoa.Domain", "PecaBoa.Domain", "{4A4FFE86-C85B-4C36-923F-F65A96FFAA6F}"
EndProject
Project("{2150E333-8FDC-42A3-9474-1A3956D46DE8}") = "PecaBoa.Infra", "PecaBoa.Infra", "{CC9D637F-0609-4D25-B8EF-ABF85DD10BF3}"
EndProject
Project("{2150E333-8FDC-42A3-9474-1A3956D46DE8}") = "PecaBoa.Application", "PecaBoa.Application", "{40F8F41B-28A1-4DA0-B1D0-5AFCC29A3772}"
EndProject
Project("{2150E333-8FDC-42A3-9474-1A3956D46DE8}") = "PecaBoa.Core", "PecaBoa.Core", "{A2AF6BFD-6583-441A-843A-17541E1C8E6A}"
EndProject
Project("{2150E333-8FDC-42A3-9474-1A3956D46DE8}") = "PecaBoa.Api", "PecaBoa.Api", "{D7F1B9A4-178A-4D46-96E7-146B2A210B56}"
EndProject
Project("{FAE04EC0-301F-11D3-BF4B-00C04F79EFBC}") = "PecaBoa.Api", "PecaBoa.Api\PecaBoa.Api.csproj", "{4521EE02-0BB5-4D97-B1A0-BC1DD9EC0E36}"
EndProject
Project("{FAE04EC0-301F-11D3-BF4B-00C04F79EFBC}") = "PecaBoa.Application", "PecaBoa.Application\PecaBoa.Application.csproj", "{6FEEC9F5-CDE9-4DA8-8F3C-B4E73B900D22}"
EndProject
Project("{FAE04EC0-301F-11D3-BF4B-00C04F79EFBC}") = "PecaBoa.Core", "PecaBoa.Core\PecaBoa.Core.csproj", "{83F69436-8B53-4C6A-AD96-1558522C5958}"
EndProject
Project("{FAE04EC0-301F-11D3-BF4B-00C04F79EFBC}") = "PecaBoa.Domain", "PecaBoa.Domain\PecaBoa.Domain.csproj", "{F069688D-E8CF-41C0-96FF-328B4D0E0C1A}"
EndProject
Project("{FAE04EC0-301F-11D3-BF4B-00C04F79EFBC}") = "PecaBoa.Infra", "PecaBoa.Infra\PecaBoa.Infra.csproj", "{486EAEE7-9367-476F-B7A2-A1F6F0F8A729}"
EndProject
Global
	GlobalSection(SolutionConfigurationPlatforms) = preSolution
		Debug|Any CPU = Debug|Any CPU
		Release|Any CPU = Release|Any CPU
	EndGlobalSection
	GlobalSection(NestedProjects) = preSolution
		{4A4FFE86-C85B-4C36-923F-F65A96FFAA6F} = {73E7B50A-DB7E-4230-BEE5-1F0E79AF20D7}
		{CC9D637F-0609-4D25-B8EF-ABF85DD10BF3} = {73E7B50A-DB7E-4230-BEE5-1F0E79AF20D7}
		{40F8F41B-28A1-4DA0-B1D0-5AFCC29A3772} = {73E7B50A-DB7E-4230-BEE5-1F0E79AF20D7}
		{A2AF6BFD-6583-441A-843A-17541E1C8E6A} = {73E7B50A-DB7E-4230-BEE5-1F0E79AF20D7}
		{D7F1B9A4-178A-4D46-96E7-146B2A210B56} = {73E7B50A-DB7E-4230-BEE5-1F0E79AF20D7}
		{4521EE02-0BB5-4D97-B1A0-BC1DD9EC0E36} = {D7F1B9A4-178A-4D46-96E7-146B2A210B56}
		{6FEEC9F5-CDE9-4DA8-8F3C-B4E73B900D22} = {40F8F41B-28A1-4DA0-B1D0-5AFCC29A3772}
		{83F69436-8B53-4C6A-AD96-1558522C5958} = {A2AF6BFD-6583-441A-843A-17541E1C8E6A}
		{F069688D-E8CF-41C0-96FF-328B4D0E0C1A} = {4A4FFE86-C85B-4C36-923F-F65A96FFAA6F}
		{486EAEE7-9367-476F-B7A2-A1F6F0F8A729} = {CC9D637F-0609-4D25-B8EF-ABF85DD10BF3}
	EndGlobalSection
	GlobalSection(ProjectConfigurationPlatforms) = postSolution
		{4521EE02-0BB5-4D97-B1A0-BC1DD9EC0E36}.Debug|Any CPU.ActiveCfg = Debug|Any CPU
		{4521EE02-0BB5-4D97-B1A0-BC1DD9EC0E36}.Debug|Any CPU.Build.0 = Debug|Any CPU
		{4521EE02-0BB5-4D97-B1A0-BC1DD9EC0E36}.Release|Any CPU.ActiveCfg = Release|Any CPU
		{4521EE02-0BB5-4D97-B1A0-BC1DD9EC0E36}.Release|Any CPU.Build.0 = Release|Any CPU
		{6FEEC9F5-CDE9-4DA8-8F3C-B4E73B900D22}.Debug|Any CPU.ActiveCfg = Debug|Any CPU
		{6FEEC9F5-CDE9-4DA8-8F3C-B4E73B900D22}.Debug|Any CPU.Build.0 = Debug|Any CPU
		{6FEEC9F5-CDE9-4DA8-8F3C-B4E73B900D22}.Release|Any CPU.ActiveCfg = Release|Any CPU
		{6FEEC9F5-CDE9-4DA8-8F3C-B4E73B900D22}.Release|Any CPU.Build.0 = Release|Any CPU
		{83F69436-8B53-4C6A-AD96-1558522C5958}.Debug|Any CPU.ActiveCfg = Debug|Any CPU
		{83F69436-8B53-4C6A-AD96-1558522C5958}.Debug|Any CPU.Build.0 = Debug|Any CPU
		{83F69436-8B53-4C6A-AD96-1558522C5958}.Release|Any CPU.ActiveCfg = Release|Any CPU
		{83F69436-8B53-4C6A-AD96-1558522C5958}.Release|Any CPU.Build.0 = Release|Any CPU
		{F069688D-E8CF-41C0-96FF-328B4D0E0C1A}.Debug|Any CPU.ActiveCfg = Debug|Any CPU
		{F069688D-E8CF-41C0-96FF-328B4D0E0C1A}.Debug|Any CPU.Build.0 = Debug|Any CPU
		{F069688D-E8CF-41C0-96FF-328B4D0E0C1A}.Release|Any CPU.ActiveCfg = Release|Any CPU
		{F069688D-E8CF-41C0-96FF-328B4D0E0C1A}.Release|Any CPU.Build.0 = Release|Any CPU
		{486EAEE7-9367-476F-B7A2-A1F6F0F8A729}.Debug|Any CPU.ActiveCfg = Debug|Any CPU
		{486EAEE7-9367-476F-B7A2-A1F6F0F8A729}.Debug|Any CPU.Build.0 = Debug|Any CPU
		{486EAEE7-9367-476F-B7A2-A1F6F0F8A729}.Release|Any CPU.ActiveCfg = Release|Any CPU
		{486EAEE7-9367-476F-B7A2-A1F6F0F8A729}.Release|Any CPU.Build.0 = Release|Any CPU
	EndGlobalSection
EndGlobal
